
Microsoft Visual Studio Solution File, Format Version 12.00
# Visual Studio Version 17
VisualStudioVersion = 17.2.32630.192
MinimumVisualStudioVersion = 10.0.40219.1
Project("{2150E333-8FDC-42A3-9474-1A3956D46DE8}") = "Core", "Core", "{11B82978-EB62-431A-AC3A-5390CCCD9F22}"
EndProject
Project("{2150E333-8FDC-42A3-9474-1A3956D46DE8}") = "Infrastructure", "Infrastructure", "{869272A5-2333-4A1C-BD9D-35D2F0F8F76F}"
EndProject
Project("{2150E333-8FDC-42A3-9474-1A3956D46DE8}") = "Presentation", "Presentation", "{0F1B2E36-DA63-4ED8-AF19-BD15ACA35671}"
EndProject
Project("{FAE04EC0-301F-11D3-BF4B-00C04F79EFBC}") = "SimpraWeek2Homework.Application", "Core\SimpraWeek2Homework.Application\SimpraWeek2Homework.Application.csproj", "{352E6BF3-98A3-4A2C-B9C0-18E72BBF3A23}"
EndProject
Project("{FAE04EC0-301F-11D3-BF4B-00C04F79EFBC}") = "SimpraWeek2Homework.Domain", "Core\SimpraWeek2Homework.Domain\SimpraWeek2Homework.Domain.csproj", "{CCE69B8D-4D34-4B56-B896-5D8AAD12DB22}"
EndProject
Project("{FAE04EC0-301F-11D3-BF4B-00C04F79EFBC}") = "SimpraWeek2Homework.Infrastructure", "Infrastructure\SimpraWeek2Homework.Infrastructure\SimpraWeek2Homework.Infrastructure.csproj", "{808D7F72-9463-4119-A862-134CE7ADCC54}"
EndProject
Project("{FAE04EC0-301F-11D3-BF4B-00C04F79EFBC}") = "SimpraWeek2Homework.Persistence", "Infrastructure\SimpraWeek2Homework.Persistence\SimpraWeek2Homework.Persistence.csproj", "{B395F12B-A657-415E-9926-D7454B424C08}"
EndProject
Project("{FAE04EC0-301F-11D3-BF4B-00C04F79EFBC}") = "SimpraWeek2Homework.API", "Presentation\SimpraWeek2Homework.API\SimpraWeek2Homework.API.csproj", "{66BFB195-D752-4775-9511-73DE7E8EBC6A}"
EndProject
Global
	GlobalSection(SolutionConfigurationPlatforms) = preSolution
		Debug|Any CPU = Debug|Any CPU
		Release|Any CPU = Release|Any CPU
	EndGlobalSection
	GlobalSection(ProjectConfigurationPlatforms) = postSolution
		{352E6BF3-98A3-4A2C-B9C0-18E72BBF3A23}.Debug|Any CPU.ActiveCfg = Debug|Any CPU
		{352E6BF3-98A3-4A2C-B9C0-18E72BBF3A23}.Debug|Any CPU.Build.0 = Debug|Any CPU
		{352E6BF3-98A3-4A2C-B9C0-18E72BBF3A23}.Release|Any CPU.ActiveCfg = Release|Any CPU
		{352E6BF3-98A3-4A2C-B9C0-18E72BBF3A23}.Release|Any CPU.Build.0 = Release|Any CPU
		{CCE69B8D-4D34-4B56-B896-5D8AAD12DB22}.Debug|Any CPU.ActiveCfg = Debug|Any CPU
		{CCE69B8D-4D34-4B56-B896-5D8AAD12DB22}.Debug|Any CPU.Build.0 = Debug|Any CPU
		{CCE69B8D-4D34-4B56-B896-5D8AAD12DB22}.Release|Any CPU.ActiveCfg = Release|Any CPU
		{CCE69B8D-4D34-4B56-B896-5D8AAD12DB22}.Release|Any CPU.Build.0 = Release|Any CPU
		{808D7F72-9463-4119-A862-134CE7ADCC54}.Debug|Any CPU.ActiveCfg = Debug|Any CPU
		{808D7F72-9463-4119-A862-134CE7ADCC54}.Debug|Any CPU.Build.0 = Debug|Any CPU
		{808D7F72-9463-4119-A862-134CE7ADCC54}.Release|Any CPU.ActiveCfg = Release|Any CPU
		{808D7F72-9463-4119-A862-134CE7ADCC54}.Release|Any CPU.Build.0 = Release|Any CPU
		{B395F12B-A657-415E-9926-D7454B424C08}.Debug|Any CPU.ActiveCfg = Debug|Any CPU
		{B395F12B-A657-415E-9926-D7454B424C08}.Debug|Any CPU.Build.0 = Debug|Any CPU
		{B395F12B-A657-415E-9926-D7454B424C08}.Release|Any CPU.ActiveCfg = Release|Any CPU
		{B395F12B-A657-415E-9926-D7454B424C08}.Release|Any CPU.Build.0 = Release|Any CPU
		{66BFB195-D752-4775-9511-73DE7E8EBC6A}.Debug|Any CPU.ActiveCfg = Debug|Any CPU
		{66BFB195-D752-4775-9511-73DE7E8EBC6A}.Debug|Any CPU.Build.0 = Debug|Any CPU
		{66BFB195-D752-4775-9511-73DE7E8EBC6A}.Release|Any CPU.ActiveCfg = Release|Any CPU
		{66BFB195-D752-4775-9511-73DE7E8EBC6A}.Release|Any CPU.Build.0 = Release|Any CPU
	EndGlobalSection
	GlobalSection(SolutionProperties) = preSolution
		HideSolutionNode = FALSE
	EndGlobalSection
	GlobalSection(NestedProjects) = preSolution
		{352E6BF3-98A3-4A2C-B9C0-18E72BBF3A23} = {11B82978-EB62-431A-AC3A-5390CCCD9F22}
		{CCE69B8D-4D34-4B56-B896-5D8AAD12DB22} = {11B82978-EB62-431A-AC3A-5390CCCD9F22}
		{808D7F72-9463-4119-A862-134CE7ADCC54} = {869272A5-2333-4A1C-BD9D-35D2F0F8F76F}
		{B395F12B-A657-415E-9926-D7454B424C08} = {869272A5-2333-4A1C-BD9D-35D2F0F8F76F}
		{66BFB195-D752-4775-9511-73DE7E8EBC6A} = {0F1B2E36-DA63-4ED8-AF19-BD15ACA35671}
	EndGlobalSection
	GlobalSection(ExtensibilityGlobals) = postSolution
		SolutionGuid = {88818876-9300-4417-8E7A-2E3A6A2654A8}
	EndGlobalSection
EndGlobal
